// !$*UTF8*$!
{
	archiveVersion = 1;
	classes = {
	};
	objectVersion = 46;
	objects = {

/* Begin PBXBuildFile section */
		A08427961AEA2066003FB2F7 /* AppDelegate.m in Sources */ = {isa = PBXBuildFile; fileRef = A08427771AEA2066003FB2F7 /* AppDelegate.m */; };
		A08427971AEA2066003FB2F7 /* LaunchScreen.xib in Resources */ = {isa = PBXBuildFile; fileRef = A08427781AEA2066003FB2F7 /* LaunchScreen.xib */; };
		A084279C1AEA2066003FB2F7 /* Images.xcassets in Resources */ = {isa = PBXBuildFile; fileRef = A084277F1AEA2066003FB2F7 /* Images.xcassets */; };
		A084279D1AEA2066003FB2F7 /* Info.plist in Resources */ = {isa = PBXBuildFile; fileRef = A08427801AEA2066003FB2F7 /* Info.plist */; };
		A084279E1AEA2066003FB2F7 /* main.m in Sources */ = {isa = PBXBuildFile; fileRef = A08427811AEA2066003FB2F7 /* main.m */; };
		A084279F1AEA2066003FB2F7 /* MainViewController.m in Sources */ = {isa = PBXBuildFile; fileRef = A08427831AEA2066003FB2F7 /* MainViewController.m */; };
		A08427A01AEA2066003FB2F7 /* test.xml in Resources */ = {isa = PBXBuildFile; fileRef = A08427841AEA2066003FB2F7 /* test.xml */; };
		A08427A11AEA2066003FB2F7 /* PulldownZoomViewController.m in Sources */ = {isa = PBXBuildFile; fileRef = A08427871AEA2066003FB2F7 /* PulldownZoomViewController.m */; };
		A08427A21AEA2066003FB2F7 /* PulldownZoomViewController.xml in Resources */ = {isa = PBXBuildFile; fileRef = A08427881AEA2066003FB2F7 /* PulldownZoomViewController.xml */; };
		A08427A31AEA2066003FB2F7 /* X_TableView.m in Sources */ = {isa = PBXBuildFile; fileRef = A084278C1AEA2066003FB2F7 /* X_TableView.m */; };
		A08427A41AEA2066003FB2F7 /* X_TableViewCell.m in Sources */ = {isa = PBXBuildFile; fileRef = A084278D1AEA2066003FB2F7 /* X_TableViewCell.m */; };
		A08427A51AEA2066003FB2F7 /* X_ArrayDataSource.m in Sources */ = {isa = PBXBuildFile; fileRef = A08427901AEA2066003FB2F7 /* X_ArrayDataSource.m */; };
		A08427A61AEA2066003FB2F7 /* X_XMLDataSource.m in Sources */ = {isa = PBXBuildFile; fileRef = A08427921AEA2066003FB2F7 /* X_XMLDataSource.m */; };
		A08427A71AEA2066003FB2F7 /* X_PulldownZoomEffect.m in Sources */ = {isa = PBXBuildFile; fileRef = A08427951AEA2066003FB2F7 /* X_PulldownZoomEffect.m */; };
		A0FEC1C11AEF56A6009320FE /* BasicCell.m in Sources */ = {isa = PBXBuildFile; fileRef = A0FEC1B91AEF56A6009320FE /* BasicCell.m */; };
		A0FEC1C21AEF56A6009320FE /* BasicCell.xib in Resources */ = {isa = PBXBuildFile; fileRef = A0FEC1BA1AEF56A6009320FE /* BasicCell.xib */; };
		A0FEC1C31AEF56A6009320FE /* LineCell.m in Sources */ = {isa = PBXBuildFile; fileRef = A0FEC1BB1AEF56A6009320FE /* LineCell.m */; };
		A0FEC1C41AEF56A6009320FE /* LineCell.xib in Resources */ = {isa = PBXBuildFile; fileRef = A0FEC1BC1AEF56A6009320FE /* LineCell.xib */; };
		A0FEC1C51AEF56A6009320FE /* NoneCell.m in Sources */ = {isa = PBXBuildFile; fileRef = A0FEC1BD1AEF56A6009320FE /* NoneCell.m */; };
		A0FEC1C61AEF56A6009320FE /* NoneCell.xib in Resources */ = {isa = PBXBuildFile; fileRef = A0FEC1BE1AEF56A6009320FE /* NoneCell.xib */; };
		A0FEC1C71AEF56A6009320FE /* SwitchCell.m in Sources */ = {isa = PBXBuildFile; fileRef = A0FEC1BF1AEF56A6009320FE /* SwitchCell.m */; };
		A0FEC1C81AEF56A6009320FE /* SwitchCell.xib in Resources */ = {isa = PBXBuildFile; fileRef = A0FEC1C01AEF56A6009320FE /* SwitchCell.xib */; };
/* End PBXBuildFile section */

/* Begin PBXFileReference section */
		A08427761AEA2066003FB2F7 /* AppDelegate.h */ = {isa = PBXFileReference; fileEncoding = 4; lastKnownFileType = sourcecode.c.h; path = AppDelegate.h; sourceTree = "<group>"; };
		A08427771AEA2066003FB2F7 /* AppDelegate.m */ = {isa = PBXFileReference; fileEncoding = 4; lastKnownFileType = sourcecode.c.objc; path = AppDelegate.m; sourceTree = "<group>"; };
		A08427791AEA2066003FB2F7 /* Base */ = {isa = PBXFileReference; lastKnownFileType = file.xib; name = Base; path = Base.lproj/LaunchScreen.xib; sourceTree = "<group>"; };
		A084277F1AEA2066003FB2F7 /* Images.xcassets */ = {isa = PBXFileReference; lastKnownFileType = folder.assetcatalog; path = Images.xcassets; sourceTree = "<group>"; };
		A08427801AEA2066003FB2F7 /* Info.plist */ = {isa = PBXFileReference; fileEncoding = 4; lastKnownFileType = text.plist.xml; path = Info.plist; sourceTree = "<group>"; };
		A08427811AEA2066003FB2F7 /* main.m */ = {isa = PBXFileReference; fileEncoding = 4; lastKnownFileType = sourcecode.c.objc; path = main.m; sourceTree = "<group>"; };
		A08427821AEA2066003FB2F7 /* MainViewController.h */ = {isa = PBXFileReference; fileEncoding = 4; lastKnownFileType = sourcecode.c.h; path = MainViewController.h; sourceTree = "<group>"; };
		A08427831AEA2066003FB2F7 /* MainViewController.m */ = {isa = PBXFileReference; fileEncoding = 4; lastKnownFileType = sourcecode.c.objc; path = MainViewController.m; sourceTree = "<group>"; };
		A08427841AEA2066003FB2F7 /* test.xml */ = {isa = PBXFileReference; fileEncoding = 4; lastKnownFileType = text.xml; path = test.xml; sourceTree = "<group>"; };
		A08427861AEA2066003FB2F7 /* PulldownZoomViewController.h */ = {isa = PBXFileReference; fileEncoding = 4; lastKnownFileType = sourcecode.c.h; path = PulldownZoomViewController.h; sourceTree = "<group>"; };
		A08427871AEA2066003FB2F7 /* PulldownZoomViewController.m */ = {isa = PBXFileReference; fileEncoding = 4; lastKnownFileType = sourcecode.c.objc; path = PulldownZoomViewController.m; sourceTree = "<group>"; };
		A08427881AEA2066003FB2F7 /* PulldownZoomViewController.xml */ = {isa = PBXFileReference; fileEncoding = 4; lastKnownFileType = text.xml; path = PulldownZoomViewController.xml; sourceTree = "<group>"; };
		A084278B1AEA2066003FB2F7 /* X_TableView.h */ = {isa = PBXFileReference; fileEncoding = 4; lastKnownFileType = sourcecode.c.h; path = X_TableView.h; sourceTree = "<group>"; };
		A084278C1AEA2066003FB2F7 /* X_TableView.m */ = {isa = PBXFileReference; fileEncoding = 4; lastKnownFileType = sourcecode.c.objc; path = X_TableView.m; sourceTree = "<group>"; };
		A084278D1AEA2066003FB2F7 /* X_TableViewCell.m */ = {isa = PBXFileReference; fileEncoding = 4; lastKnownFileType = sourcecode.c.objc; path = X_TableViewCell.m; sourceTree = "<group>"; };
		A084278F1AEA2066003FB2F7 /* X_ArrayDataSource.h */ = {isa = PBXFileReference; fileEncoding = 4; lastKnownFileType = sourcecode.c.h; path = X_ArrayDataSource.h; sourceTree = "<group>"; };
		A08427901AEA2066003FB2F7 /* X_ArrayDataSource.m */ = {isa = PBXFileReference; fileEncoding = 4; lastKnownFileType = sourcecode.c.objc; path = X_ArrayDataSource.m; sourceTree = "<group>"; };
		A08427911AEA2066003FB2F7 /* X_XMLDataSource.h */ = {isa = PBXFileReference; fileEncoding = 4; lastKnownFileType = sourcecode.c.h; path = X_XMLDataSource.h; sourceTree = "<group>"; };
		A08427921AEA2066003FB2F7 /* X_XMLDataSource.m */ = {isa = PBXFileReference; fileEncoding = 4; lastKnownFileType = sourcecode.c.objc; path = X_XMLDataSource.m; sourceTree = "<group>"; };
		A08427941AEA2066003FB2F7 /* X_PulldownZoomEffect.h */ = {isa = PBXFileReference; fileEncoding = 4; lastKnownFileType = sourcecode.c.h; path = X_PulldownZoomEffect.h; sourceTree = "<group>"; };
		A08427951AEA2066003FB2F7 /* X_PulldownZoomEffect.m */ = {isa = PBXFileReference; fileEncoding = 4; lastKnownFileType = sourcecode.c.objc; path = X_PulldownZoomEffect.m; sourceTree = "<group>"; };
		A0FEC1B91AEF56A6009320FE /* BasicCell.m */ = {isa = PBXFileReference; fileEncoding = 4; lastKnownFileType = sourcecode.c.objc; path = BasicCell.m; sourceTree = "<group>"; };
		A0FEC1BA1AEF56A6009320FE /* BasicCell.xib */ = {isa = PBXFileReference; fileEncoding = 4; lastKnownFileType = file.xib; path = BasicCell.xib; sourceTree = "<group>"; };
		A0FEC1BB1AEF56A6009320FE /* LineCell.m */ = {isa = PBXFileReference; fileEncoding = 4; lastKnownFileType = sourcecode.c.objc; path = LineCell.m; sourceTree = "<group>"; };
		A0FEC1BC1AEF56A6009320FE /* LineCell.xib */ = {isa = PBXFileReference; fileEncoding = 4; lastKnownFileType = file.xib; path = LineCell.xib; sourceTree = "<group>"; };
		A0FEC1BD1AEF56A6009320FE /* NoneCell.m */ = {isa = PBXFileReference; fileEncoding = 4; lastKnownFileType = sourcecode.c.objc; path = NoneCell.m; sourceTree = "<group>"; };
		A0FEC1BE1AEF56A6009320FE /* NoneCell.xib */ = {isa = PBXFileReference; fileEncoding = 4; lastKnownFileType = file.xib; path = NoneCell.xib; sourceTree = "<group>"; };
		A0FEC1BF1AEF56A6009320FE /* SwitchCell.m */ = {isa = PBXFileReference; fileEncoding = 4; lastKnownFileType = sourcecode.c.objc; path = SwitchCell.m; sourceTree = "<group>"; };
		A0FEC1C01AEF56A6009320FE /* SwitchCell.xib */ = {isa = PBXFileReference; fileEncoding = 4; lastKnownFileType = file.xib; path = SwitchCell.xib; sourceTree = "<group>"; };
		E11C833A1AE4B4E700C023B9 /* demo.app */ = {isa = PBXFileReference; explicitFileType = wrapper.application; includeInIndex = 0; path = demo.app; sourceTree = BUILT_PRODUCTS_DIR; };
/* End PBXFileReference section */

/* Begin PBXFrameworksBuildPhase section */
		E11C83371AE4B4E700C023B9 /* Frameworks */ = {
			isa = PBXFrameworksBuildPhase;
			buildActionMask = 2147483647;
			files = (
			);
			runOnlyForDeploymentPostprocessing = 0;
		};
/* End PBXFrameworksBuildPhase section */

/* Begin PBXGroup section */
		A08427751AEA2066003FB2F7 /* demo */ = {
			isa = PBXGroup;
			children = (
				A08427761AEA2066003FB2F7 /* AppDelegate.h */,
				A08427771AEA2066003FB2F7 /* AppDelegate.m */,
				A08427781AEA2066003FB2F7 /* LaunchScreen.xib */,
				A0FEC1B81AEF56A6009320FE /* custom_cell */,
				A084277F1AEA2066003FB2F7 /* Images.xcassets */,
				A08427801AEA2066003FB2F7 /* Info.plist */,
				A08427811AEA2066003FB2F7 /* main.m */,
				A08427821AEA2066003FB2F7 /* MainViewController.h */,
				A08427831AEA2066003FB2F7 /* MainViewController.m */,
				A08427841AEA2066003FB2F7 /* test.xml */,
				A08427851AEA2066003FB2F7 /* viewController */,
			);
			path = demo;
			sourceTree = "<group>";
		};
		A08427851AEA2066003FB2F7 /* viewController */ = {
			isa = PBXGroup;
			children = (
				A08427861AEA2066003FB2F7 /* PulldownZoomViewController.h */,
				A08427871AEA2066003FB2F7 /* PulldownZoomViewController.m */,
				A08427881AEA2066003FB2F7 /* PulldownZoomViewController.xml */,
			);
			path = viewController;
			sourceTree = "<group>";
		};
		A08427891AEA2066003FB2F7 /* X_TableView */ = {
			isa = PBXGroup;
			children = (
				A084278A1AEA2066003FB2F7 /* core */,
				A084278E1AEA2066003FB2F7 /* datasource */,
				A08427931AEA2066003FB2F7 /* effect */,
			);
			path = X_TableView;
			sourceTree = "<group>";
		};
		A084278A1AEA2066003FB2F7 /* core */ = {
			isa = PBXGroup;
			children = (
				A084278B1AEA2066003FB2F7 /* X_TableView.h */,
				A084278C1AEA2066003FB2F7 /* X_TableView.m */,
				A084278D1AEA2066003FB2F7 /* X_TableViewCell.m */,
			);
			path = core;
			sourceTree = "<group>";
		};
		A084278E1AEA2066003FB2F7 /* datasource */ = {
			isa = PBXGroup;
			children = (
				A084278F1AEA2066003FB2F7 /* X_ArrayDataSource.h */,
				A08427901AEA2066003FB2F7 /* X_ArrayDataSource.m */,
				A08427911AEA2066003FB2F7 /* X_XMLDataSource.h */,
				A08427921AEA2066003FB2F7 /* X_XMLDataSource.m */,
			);
			path = datasource;
			sourceTree = "<group>";
		};
		A08427931AEA2066003FB2F7 /* effect */ = {
			isa = PBXGroup;
			children = (
				A08427941AEA2066003FB2F7 /* X_PulldownZoomEffect.h */,
				A08427951AEA2066003FB2F7 /* X_PulldownZoomEffect.m */,
			);
			path = effect;
			sourceTree = "<group>";
		};
		A0FEC1B81AEF56A6009320FE /* custom_cell */ = {
			isa = PBXGroup;
			children = (
				A0FEC1B91AEF56A6009320FE /* BasicCell.m */,
				A0FEC1BA1AEF56A6009320FE /* BasicCell.xib */,
				A0FEC1BB1AEF56A6009320FE /* LineCell.m */,
				A0FEC1BC1AEF56A6009320FE /* LineCell.xib */,
				A0FEC1BD1AEF56A6009320FE /* NoneCell.m */,
				A0FEC1BE1AEF56A6009320FE /* NoneCell.xib */,
				A0FEC1BF1AEF56A6009320FE /* SwitchCell.m */,
				A0FEC1C01AEF56A6009320FE /* SwitchCell.xib */,
			);
			path = custom_cell;
			sourceTree = "<group>";
		};
		E11C83311AE4B4E700C023B9 = {
			isa = PBXGroup;
			children = (
				A08427891AEA2066003FB2F7 /* X_TableView */,
				A08427751AEA2066003FB2F7 /* demo */,
				E11C833B1AE4B4E700C023B9 /* Products */,
			);
			sourceTree = "<group>";
		};
		E11C833B1AE4B4E700C023B9 /* Products */ = {
			isa = PBXGroup;
			children = (
				E11C833A1AE4B4E700C023B9 /* demo.app */,
			);
			name = Products;
			sourceTree = "<group>";
		};
/* End PBXGroup section */

/* Begin PBXNativeTarget section */
		E11C83391AE4B4E700C023B9 /* demo */ = {
			isa = PBXNativeTarget;
			buildConfigurationList = E11C835D1AE4B4E700C023B9 /* Build configuration list for PBXNativeTarget "demo" */;
			buildPhases = (
				E11C83361AE4B4E700C023B9 /* Sources */,
				E11C83371AE4B4E700C023B9 /* Frameworks */,
				E11C83381AE4B4E700C023B9 /* Resources */,
			);
			buildRules = (
			);
			dependencies = (
			);
			name = demo;
			productName = demo;
			productReference = E11C833A1AE4B4E700C023B9 /* demo.app */;
			productType = "com.apple.product-type.application";
		};
/* End PBXNativeTarget section */

/* Begin PBXProject section */
		E11C83321AE4B4E700C023B9 /* Project object */ = {
			isa = PBXProject;
			attributes = {
				LastUpgradeCheck = 0620;
				ORGANIZATIONNAME = zsbrother;
				TargetAttributes = {
					E11C83391AE4B4E700C023B9 = {
						CreatedOnToolsVersion = 6.2;
					};
				};
			};
			buildConfigurationList = E11C83351AE4B4E700C023B9 /* Build configuration list for PBXProject "demo" */;
			compatibilityVersion = "Xcode 3.2";
			developmentRegion = English;
			hasScannedForEncodings = 0;
			knownRegions = (
				en,
				Base,
			);
			mainGroup = E11C83311AE4B4E700C023B9;
			productRefGroup = E11C833B1AE4B4E700C023B9 /* Products */;
			projectDirPath = "";
			projectRoot = "";
			targets = (
				E11C83391AE4B4E700C023B9 /* demo */,
			);
		};
/* End PBXProject section */

/* Begin PBXResourcesBuildPhase section */
		E11C83381AE4B4E700C023B9 /* Resources */ = {
			isa = PBXResourcesBuildPhase;
			buildActionMask = 2147483647;
			files = (
				A0FEC1C81AEF56A6009320FE /* SwitchCell.xib in Resources */,
				A08427A21AEA2066003FB2F7 /* PulldownZoomViewController.xml in Resources */,
				A084279C1AEA2066003FB2F7 /* Images.xcassets in Resources */,
				A0FEC1C41AEF56A6009320FE /* LineCell.xib in Resources */,
				A0FEC1C61AEF56A6009320FE /* NoneCell.xib in Resources */,
				A0FEC1C21AEF56A6009320FE /* BasicCell.xib in Resources */,
				A08427971AEA2066003FB2F7 /* LaunchScreen.xib in Resources */,
				A084279D1AEA2066003FB2F7 /* Info.plist in Resources */,
				A08427A01AEA2066003FB2F7 /* test.xml in Resources */,
			);
			runOnlyForDeploymentPostprocessing = 0;
		};
/* End PBXResourcesBuildPhase section */

/* Begin PBXSourcesBuildPhase section */
		E11C83361AE4B4E700C023B9 /* Sources */ = {
			isa = PBXSourcesBuildPhase;
			buildActionMask = 2147483647;
			files = (
				A08427A61AEA2066003FB2F7 /* X_XMLDataSource.m in Sources */,
				A0FEC1C71AEF56A6009320FE /* SwitchCell.m in Sources */,
				A084279F1AEA2066003FB2F7 /* MainViewController.m in Sources */,
				A08427A41AEA2066003FB2F7 /* X_TableViewCell.m in Sources */,
				A0FEC1C51AEF56A6009320FE /* NoneCell.m in Sources */,
				A08427A31AEA2066003FB2F7 /* X_TableView.m in Sources */,
				A08427A71AEA2066003FB2F7 /* X_PulldownZoomEffect.m in Sources */,
				A08427961AEA2066003FB2F7 /* AppDelegate.m in Sources */,
				A084279E1AEA2066003FB2F7 /* main.m in Sources */,
				A08427A51AEA2066003FB2F7 /* X_ArrayDataSource.m in Sources */,
				A0FEC1C11AEF56A6009320FE /* BasicCell.m in Sources */,
				A08427A11AEA2066003FB2F7 /* PulldownZoomViewController.m in Sources */,
				A0FEC1C31AEF56A6009320FE /* LineCell.m in Sources */,
			);
			runOnlyForDeploymentPostprocessing = 0;
		};
/* End PBXSourcesBuildPhase section */

/* Begin PBXVariantGroup section */
		A08427781AEA2066003FB2F7 /* LaunchScreen.xib */ = {
			isa = PBXVariantGroup;
			children = (
				A08427791AEA2066003FB2F7 /* Base */,
			);
			name = LaunchScreen.xib;
			sourceTree = "<group>";
		};
/* End PBXVariantGroup section */

/* Begin XCBuildConfiguration section */
		E11C835B1AE4B4E700C023B9 /* Debug */ = {
			isa = XCBuildConfiguration;
			buildSettings = {
				ALWAYS_SEARCH_USER_PATHS = NO;
				CLANG_CXX_LANGUAGE_STANDARD = "gnu++0x";
				CLANG_CXX_LIBRARY = "libc++";
				CLANG_ENABLE_MODULES = YES;
				CLANG_ENABLE_OBJC_ARC = YES;
				CLANG_WARN_BOOL_CONVERSION = YES;
				CLANG_WARN_CONSTANT_CONVERSION = YES;
				CLANG_WARN_DIRECT_OBJC_ISA_USAGE = YES_ERROR;
				CLANG_WARN_EMPTY_BODY = YES;
				CLANG_WARN_ENUM_CONVERSION = YES;
				CLANG_WARN_INT_CONVERSION = YES;
				CLANG_WARN_OBJC_ROOT_CLASS = YES_ERROR;
				CLANG_WARN_UNREACHABLE_CODE = YES;
				CLANG_WARN__DUPLICATE_METHOD_MATCH = YES;
				"CODE_SIGN_IDENTITY[sdk=iphoneos*]" = "iPhone Developer";
				COPY_PHASE_STRIP = NO;
				ENABLE_STRICT_OBJC_MSGSEND = YES;
				GCC_C_LANGUAGE_STANDARD = gnu99;
				GCC_DYNAMIC_NO_PIC = NO;
				GCC_OPTIMIZATION_LEVEL = 0;
				GCC_PREPROCESSOR_DEFINITIONS = (
					"DEBUG=1",
					"$(inherited)",
				);
				GCC_SYMBOLS_PRIVATE_EXTERN = NO;
				GCC_WARN_64_TO_32_BIT_CONVERSION = YES;
				GCC_WARN_ABOUT_RETURN_TYPE = YES_ERROR;
				GCC_WARN_UNDECLARED_SELECTOR = YES;
				GCC_WARN_UNINITIALIZED_AUTOS = YES_AGGRESSIVE;
				GCC_WARN_UNUSED_FUNCTION = YES;
				GCC_WARN_UNUSED_VARIABLE = YES;
				IPHONEOS_DEPLOYMENT_TARGET = 8.2;
				MTL_ENABLE_DEBUG_INFO = YES;
				ONLY_ACTIVE_ARCH = YES;
				SDKROOT = iphoneos;
			};
			name = Debug;
		};
		E11C835C1AE4B4E700C023B9 /* Release */ = {
			isa = XCBuildConfiguration;
			buildSettings = {
				ALWAYS_SEARCH_USER_PATHS = NO;
				CLANG_CXX_LANGUAGE_STANDARD = "gnu++0x";
				CLANG_CXX_LIBRARY = "libc++";
				CLANG_ENABLE_MODULES = YES;
				CLANG_ENABLE_OBJC_ARC = YES;
				CLANG_WARN_BOOL_CONVERSION = YES;
				CLANG_WARN_CONSTANT_CONVERSION = YES;
				CLANG_WARN_DIRECT_OBJC_ISA_USAGE = YES_ERROR;
				CLANG_WARN_EMPTY_BODY = YES;
				CLANG_WARN_ENUM_CONVERSION = YES;
				CLANG_WARN_INT_CONVERSION = YES;
				CLANG_WARN_OBJC_ROOT_CLASS = YES_ERROR;
				CLANG_WARN_UNREACHABLE_CODE = YES;
				CLANG_WARN__DUPLICATE_METHOD_MATCH = YES;
				"CODE_SIGN_IDENTITY[sdk=iphoneos*]" = "iPhone Developer";
				COPY_PHASE_STRIP = NO;
				ENABLE_NS_ASSERTIONS = NO;
				ENABLE_STRICT_OBJC_MSGSEND = YES;
				GCC_C_LANGUAGE_STANDARD = gnu99;
				GCC_WARN_64_TO_32_BIT_CONVERSION = YES;
				GCC_WARN_ABOUT_RETURN_TYPE = YES_ERROR;
				GCC_WARN_UNDECLARED_SELECTOR = YES;
				GCC_WARN_UNINITIALIZED_AUTOS = YES_AGGRESSIVE;
				GCC_WARN_UNUSED_FUNCTION = YES;
				GCC_WARN_UNUSED_VARIABLE = YES;
				IPHONEOS_DEPLOYMENT_TARGET = 8.2;
				MTL_ENABLE_DEBUG_INFO = NO;
				SDKROOT = iphoneos;
				VALIDATE_PRODUCT = YES;
			};
			name = Release;
		};
		E11C835E1AE4B4E700C023B9 /* Debug */ = {
			isa = XCBuildConfiguration;
			buildSettings = {
				ASSETCATALOG_COMPILER_APPICON_NAME = AppIcon;
				INFOPLIST_FILE = demo/Info.plist;
				LD_RUNPATH_SEARCH_PATHS = "$(inherited) @executable_path/Frameworks";
				PRODUCT_NAME = "$(TARGET_NAME)";
			};
			name = Debug;
		};
		E11C835F1AE4B4E700C023B9 /* Release */ = {
			isa = XCBuildConfiguration;
			buildSettings = {
				ASSETCATALOG_COMPILER_APPICON_NAME = AppIcon;
				INFOPLIST_FILE = demo/Info.plist;
				LD_RUNPATH_SEARCH_PATHS = "$(inherited) @executable_path/Frameworks";
				PRODUCT_NAME = "$(TARGET_NAME)";
			};
			name = Release;
		};
/* End XCBuildConfiguration section */

/* Begin XCConfigurationList section */
		E11C83351AE4B4E700C023B9 /* Build configuration list for PBXProject "demo" */ = {
			isa = XCConfigurationList;
			buildConfigurations = (
				E11C835B1AE4B4E700C023B9 /* Debug */,
				E11C835C1AE4B4E700C023B9 /* Release */,
			);
			defaultConfigurationIsVisible = 0;
			defaultConfigurationName = Release;
		};
		E11C835D1AE4B4E700C023B9 /* Build configuration list for PBXNativeTarget "demo" */ = {
			isa = XCConfigurationList;
			buildConfigurations = (
				E11C835E1AE4B4E700C023B9 /* Debug */,
				E11C835F1AE4B4E700C023B9 /* Release */,
			);
			defaultConfigurationIsVisible = 0;
			defaultConfigurationName = Release;
		};
/* End XCConfigurationList section */
	};
	rootObject = E11C83321AE4B4E700C023B9 /* Project object */;
}
